version = 1
requires-python = ">=3.11"

[[package]]
name = "libcst"
version = "1.5.1"
source = { registry = "https://pypi.org/simple" }
dependencies = [
    { name = "pyyaml" },
]
sdist = { url = "https://files.pythonhosted.org/packages/27/a6/a19b587108b15d3e0bfa8d0944265809581c8b8e161e22c9c9060afbbf4a/libcst-1.5.1.tar.gz", hash = "sha256:71cb294db84df9e410208009c732628e920111683c2f2b2e0c5b71b98464f365", size = 773387 }
wheels = [
    { url = "https://files.pythonhosted.org/packages/14/c1/83f7ff3a225ad09527b8d15b410e1bba168bafe0d134d93645b1d8b69859/libcst-1.5.1-cp311-cp311-macosx_10_9_x86_64.whl", hash = "sha256:db7711a762b0327b581be5a963908fecd74412bdda34db34553faa521563c22d", size = 2123894 },
    { url = "https://files.pythonhosted.org/packages/5b/70/7b765a0a8db8084703fe408ed1c583c434e99b8ec3e7c6192732a1959eb8/libcst-1.5.1-cp311-cp311-macosx_11_0_arm64.whl", hash = "sha256:aa524bd012aaae1f485fd44490ef5abf708b14d2addc0f06b28de3e4585c4b9e", size = 2032548 },
    { url = "https://files.pythonhosted.org/packages/3c/01/d4111674d3cfe817c12ef79f8d39b2058a3bd8cd01a307a7db62118cd0ed/libcst-1.5.1-cp311-cp311-manylinux_2_17_aarch64.manylinux2014_aarch64.whl", hash = "sha256:f3ffb8135c09e41e8cf710b152c33e9b7f1d0d0b9f242bae0c502eb082fdb1fb", size = 2173948 },
    { url = "https://files.pythonhosted.org/packages/4e/3b/0e7698e7715d2ed44512718dd6f45d5d698498b5c9fa906b4028a369a7f6/libcst-1.5.1-cp311-cp311-manylinux_2_17_x86_64.manylinux2014_x86_64.whl", hash = "sha256:76a8ac7a84f9b6f678a668bff85b360e0a93fa8d7f25a74a206a28110734bb2a", size = 2264422 },
    { url = "https://files.pythonhosted.org/packages/0d/c4/a76444a28015fb7327cfdbde7d3f88f633e88fce2fe910c7aaa7d4780422/libcst-1.5.1-cp311-cp311-manylinux_2_5_i686.manylinux1_i686.manylinux_2_17_i686.manylinux2014_i686.whl", hash = "sha256:89c808bdb5fa9ca02df41dd234cbb0e9de0d2e0c029c7063d5435a9f6781cc10", size = 2341569 },
    { url = "https://files.pythonhosted.org/packages/54/1c/3f116e3baa47f71929467b404643c09e31af7acb77de8d2b3fe5d1b06212/libcst-1.5.1-cp311-cp311-musllinux_1_2_aarch64.whl", hash = "sha256:40fbbaa8b839bfbfa5b300623ca2b6b0768b58bbc31b341afbc99110c9bee232", size = 2219836 },
    { url = "https://files.pythonhosted.org/packages/ea/f7/746b6d91125cf1f398889d1b4488b10cc3df6b35d9762c2131294a1e8217/libcst-1.5.1-cp311-cp311-musllinux_1_2_x86_64.whl", hash = "sha256:c7021e3904d8d088c369afc3fe17c279883e583415ef07edacadba76cfbecd27", size = 2325108 },
    { url = "https://files.pythonhosted.org/packages/fc/82/260932412cd9d6c1ac60283889adc18c21ffc55c8b5b63309b95bc277f76/libcst-1.5.1-cp311-cp311-win_amd64.whl", hash = "sha256:f053a5deb6a214972dbe9fa26ecd8255edb903de084a3d7715bf9e9da8821c50", size = 2031804 },
    { url = "https://files.pythonhosted.org/packages/8f/0c/eac92358d05e75516f15654fb1550c9af165ce5a19f2b8adf44916ebebc4/libcst-1.5.1-cp312-cp312-macosx_10_13_x86_64.whl", hash = "sha256:666813950b8637af0c0e96b1ca46f5d5f183d2fe50bbac2186f5b283a99f3529", size = 2122234 },
    { url = "https://files.pythonhosted.org/packages/b3/26/6925af831f039e27eb380ba64448f33aea255ab6ecae6b5deec6ec637197/libcst-1.5.1-cp312-cp312-macosx_11_0_arm64.whl", hash = "sha256:b7b58b36022ae77a5a00002854043ae95c03e92f6062ad08473eff326f32efa0", size = 2031324 },
    { url = "https://files.pythonhosted.org/packages/e0/87/1b593bdddcb0d38d2232dab96b1f92deb2481c72063394f0394f680ff5b3/libcst-1.5.1-cp312-cp312-manylinux_2_17_aarch64.manylinux2014_aarch64.whl", hash = "sha256:eeb13d7c598fe9a798a1d22eae56ab3d3d599b38b83436039bd6ae229fc854d7", size = 2172432 },
    { url = "https://files.pythonhosted.org/packages/88/27/966f9fe2652aa496a85503333559937e58979eef674f9803c995d6704c44/libcst-1.5.1-cp312-cp312-manylinux_2_17_x86_64.manylinux2014_x86_64.whl", hash = "sha256:5987daff8389b0df60b5c20499ff4fb73fc03cb3ae1f6a746eefd204ed08df85", size = 2263445 },
    { url = "https://files.pythonhosted.org/packages/ff/79/f172226edbdd5b3a31d3c270e4407b35e3f5b0c6e404967e42314f1b434e/libcst-1.5.1-cp312-cp312-manylinux_2_5_i686.manylinux1_i686.manylinux_2_17_i686.manylinux2014_i686.whl", hash = "sha256:00f3d2f32ee081bad3394546b0b9ac5e31686d3b5cfe4892d716d2ba65f9ec08", size = 2343044 },
    { url = "https://files.pythonhosted.org/packages/91/f2/664ae80583c66bcc3a2debcc8bab04e6843c3a6ac02e94050dddb5e5909c/libcst-1.5.1-cp312-cp312-musllinux_1_2_aarch64.whl", hash = "sha256:1ff21005c33b634957a98db438e882522febf1cacc62fa716f29e163a3f5871a", size = 2217129 },
    { url = "https://files.pythonhosted.org/packages/8b/df/b6b506d50f0a00a49d4e6217fd521c208cbf8693687cd0ac5880507ca6d1/libcst-1.5.1-cp312-cp312-musllinux_1_2_x86_64.whl", hash = "sha256:15697ea9f1edbb9a263364d966c72abda07195d1c1a6838eb79af057f1040770", size = 2322129 },
    { url = "https://files.pythonhosted.org/packages/eb/84/9c79a0aa5334f39a86844d32ef474491a817e9eefaa8f23fc81e7ad07d8b/libcst-1.5.1-cp312-cp312-win_amd64.whl", hash = "sha256:cedd4c8336e01c51913113fbf5566b8f61a86d90f3d5cc5b1cb5049575622c5f", size = 2032278 },
    { url = "https://files.pythonhosted.org/packages/ff/68/89e1f0aa5697d9d7c9a78f630ffb65c43d5820008e5141504206836b86ce/libcst-1.5.1-cp313-cp313-macosx_10_13_x86_64.whl", hash = "sha256:06a9b4c9b76da4a7399e6f1f3a325196fb5febd3ea59fac1f68e2116f3517cd8", size = 2122230 },
    { url = "https://files.pythonhosted.org/packages/0f/1a/c23ab5bccd26f08c7faf982a3a2ab7a78d39502c4304585d107a160d9aa4/libcst-1.5.1-cp313-cp313-macosx_11_0_arm64.whl", hash = "sha256:940ec4c8db4c2d620a7268d6c83e64ff646e4afd74ae5183d0f0ef3b80e05be0", size = 2031325 },
    { url = "https://files.pythonhosted.org/packages/d6/5b/a0f1bbd74054ef592c32ec0956ba083585af9b835c19a8d4b78ba536ec55/libcst-1.5.1-cp313-cp313-manylinux_2_17_aarch64.manylinux2014_aarch64.whl", hash = "sha256:fbccb016b1ac6d892344300dcccc8a16887b71bb7f875ba56c0ed6c1a7ade8be", size = 2172432 },
    { url = "https://files.pythonhosted.org/packages/42/d4/ad8af53181fbcd44913925498bdd05d2a76f170253883c0183cf237c5173/libcst-1.5.1-cp313-cp313-manylinux_2_17_x86_64.manylinux2014_x86_64.whl", hash = "sha256:c615af2117320e9a218083c83ec61227d3547e38a0de80329376971765f27a9e", size = 2263442 },
    { url = "https://files.pythonhosted.org/packages/c5/ed/a152f3b0b34c833a09c424336fd464b5b053b1e07e012a95887a7292c55a/libcst-1.5.1-cp313-cp313-manylinux_2_5_i686.manylinux1_i686.manylinux_2_17_i686.manylinux2014_i686.whl", hash = "sha256:02b38fa4d9f13e79fe69e9b5407b9e173557bcfb5960f7866cf4145af9c7ae09", size = 2343045 },
    { url = "https://files.pythonhosted.org/packages/d1/43/d84090dc9b560ee1586e8ec8e3af34488695c52df244a0d9c3a473401e01/libcst-1.5.1-cp313-cp313-musllinux_1_2_aarch64.whl", hash = "sha256:3334afe9e7270e175de01198f816b0dc78dda94d9d72152b61851c323e4e741e", size = 2217130 },
    { url = "https://files.pythonhosted.org/packages/7a/95/c82b3f9fde6d5476837111e05d563542b5922ebe929c849e67c2a4ef2638/libcst-1.5.1-cp313-cp313-musllinux_1_2_x86_64.whl", hash = "sha256:26c804fa8091747128579013df0b5f8e6b0c7904d9c4ee83841f136f53e18684", size = 2322130 },
    { url = "https://files.pythonhosted.org/packages/53/54/3bf26fc2cd9f3b5a1ce4f574ddd1238b96d6e4a9c1c0fccd0c10f7e84e59/libcst-1.5.1-cp313-cp313-win_amd64.whl", hash = "sha256:b5a0d3c632aa2b21c5fa145e4e8dbf86f45c9b37a64c0b7221a5a45caf58915a", size = 2032277 },
]

[[package]]
name = "modernize-attrs"
version = "0.1.0"
source = { editable = "." }
dependencies = [
    { name = "libcst" },
]

[package.metadata]
requires-dist = [{ name = "libcst", specifier = ">=1.5.1" }]

[[package]]
name = "pyyaml"
version = "6.0.2"
source = { registry = "https://pypi.org/simple" }
sdist = { url = "https://files.pythonhosted.org/packages/54/ed/79a089b6be93607fa5cdaedf301d7dfb23af5f25c398d5ead2525b063e17/pyyaml-6.0.2.tar.gz", hash = "sha256:d584d9ec91ad65861cc08d42e834324ef890a082e591037abe114850ff7bbc3e", size = 130631 }
wheels = [
    { url = "https://files.pythonhosted.org/packages/f8/aa/7af4e81f7acba21a4c6be026da38fd2b872ca46226673c89a758ebdc4fd2/PyYAML-6.0.2-cp311-cp311-macosx_10_9_x86_64.whl", hash = "sha256:cc1c1159b3d456576af7a3e4d1ba7e6924cb39de8f67111c735f6fc832082774", size = 184612 },
    { url = "https://files.pythonhosted.org/packages/8b/62/b9faa998fd185f65c1371643678e4d58254add437edb764a08c5a98fb986/PyYAML-6.0.2-cp311-cp311-macosx_11_0_arm64.whl", hash = "sha256:1e2120ef853f59c7419231f3bf4e7021f1b936f6ebd222406c3b60212205d2ee", size = 172040 },
    { url = "https://files.pythonhosted.org/packages/ad/0c/c804f5f922a9a6563bab712d8dcc70251e8af811fce4524d57c2c0fd49a4/PyYAML-6.0.2-cp311-cp311-manylinux_2_17_aarch64.manylinux2014_aarch64.whl", hash = "sha256:5d225db5a45f21e78dd9358e58a98702a0302f2659a3c6cd320564b75b86f47c", size = 736829 },
    { url = "https://files.pythonhosted.org/packages/51/16/6af8d6a6b210c8e54f1406a6b9481febf9c64a3109c541567e35a49aa2e7/PyYAML-6.0.2-cp311-cp311-manylinux_2_17_s390x.manylinux2014_s390x.whl", hash = "sha256:5ac9328ec4831237bec75defaf839f7d4564be1e6b25ac710bd1a96321cc8317", size = 764167 },
    { url = "https://files.pythonhosted.org/packages/75/e4/2c27590dfc9992f73aabbeb9241ae20220bd9452df27483b6e56d3975cc5/PyYAML-6.0.2-cp311-cp311-manylinux_2_17_x86_64.manylinux2014_x86_64.whl", hash = "sha256:3ad2a3decf9aaba3d29c8f537ac4b243e36bef957511b4766cb0057d32b0be85", size = 762952 },
    { url = "https://files.pythonhosted.org/packages/9b/97/ecc1abf4a823f5ac61941a9c00fe501b02ac3ab0e373c3857f7d4b83e2b6/PyYAML-6.0.2-cp311-cp311-musllinux_1_1_aarch64.whl", hash = "sha256:ff3824dc5261f50c9b0dfb3be22b4567a6f938ccce4587b38952d85fd9e9afe4", size = 735301 },
    { url = "https://files.pythonhosted.org/packages/45/73/0f49dacd6e82c9430e46f4a027baa4ca205e8b0a9dce1397f44edc23559d/PyYAML-6.0.2-cp311-cp311-musllinux_1_1_x86_64.whl", hash = "sha256:797b4f722ffa07cc8d62053e4cff1486fa6dc094105d13fea7b1de7d8bf71c9e", size = 756638 },
    { url = "https://files.pythonhosted.org/packages/22/5f/956f0f9fc65223a58fbc14459bf34b4cc48dec52e00535c79b8db361aabd/PyYAML-6.0.2-cp311-cp311-win32.whl", hash = "sha256:11d8f3dd2b9c1207dcaf2ee0bbbfd5991f571186ec9cc78427ba5bd32afae4b5", size = 143850 },
    { url = "https://files.pythonhosted.org/packages/ed/23/8da0bbe2ab9dcdd11f4f4557ccaf95c10b9811b13ecced089d43ce59c3c8/PyYAML-6.0.2-cp311-cp311-win_amd64.whl", hash = "sha256:e10ce637b18caea04431ce14fabcf5c64a1c61ec9c56b071a4b7ca131ca52d44", size = 161980 },
    { url = "https://files.pythonhosted.org/packages/86/0c/c581167fc46d6d6d7ddcfb8c843a4de25bdd27e4466938109ca68492292c/PyYAML-6.0.2-cp312-cp312-macosx_10_9_x86_64.whl", hash = "sha256:c70c95198c015b85feafc136515252a261a84561b7b1d51e3384e0655ddf25ab", size = 183873 },
    { url = "https://files.pythonhosted.org/packages/a8/0c/38374f5bb272c051e2a69281d71cba6fdb983413e6758b84482905e29a5d/PyYAML-6.0.2-cp312-cp312-macosx_11_0_arm64.whl", hash = "sha256:ce826d6ef20b1bc864f0a68340c8b3287705cae2f8b4b1d932177dcc76721725", size = 173302 },
    { url = "https://files.pythonhosted.org/packages/c3/93/9916574aa8c00aa06bbac729972eb1071d002b8e158bd0e83a3b9a20a1f7/PyYAML-6.0.2-cp312-cp312-manylinux_2_17_aarch64.manylinux2014_aarch64.whl", hash = "sha256:1f71ea527786de97d1a0cc0eacd1defc0985dcf6b3f17bb77dcfc8c34bec4dc5", size = 739154 },
    { url = "https://files.pythonhosted.org/packages/95/0f/b8938f1cbd09739c6da569d172531567dbcc9789e0029aa070856f123984/PyYAML-6.0.2-cp312-cp312-manylinux_2_17_s390x.manylinux2014_s390x.whl", hash = "sha256:9b22676e8097e9e22e36d6b7bda33190d0d400f345f23d4065d48f4ca7ae0425", size = 766223 },
    { url = "https://files.pythonhosted.org/packages/b9/2b/614b4752f2e127db5cc206abc23a8c19678e92b23c3db30fc86ab731d3bd/PyYAML-6.0.2-cp312-cp312-manylinux_2_17_x86_64.manylinux2014_x86_64.whl", hash = "sha256:80bab7bfc629882493af4aa31a4cfa43a4c57c83813253626916b8c7ada83476", size = 767542 },
    { url = "https://files.pythonhosted.org/packages/d4/00/dd137d5bcc7efea1836d6264f049359861cf548469d18da90cd8216cf05f/PyYAML-6.0.2-cp312-cp312-musllinux_1_1_aarch64.whl", hash = "sha256:0833f8694549e586547b576dcfaba4a6b55b9e96098b36cdc7ebefe667dfed48", size = 731164 },
    { url = "https://files.pythonhosted.org/packages/c9/1f/4f998c900485e5c0ef43838363ba4a9723ac0ad73a9dc42068b12aaba4e4/PyYAML-6.0.2-cp312-cp312-musllinux_1_1_x86_64.whl", hash = "sha256:8b9c7197f7cb2738065c481a0461e50ad02f18c78cd75775628afb4d7137fb3b", size = 756611 },
    { url = "https://files.pythonhosted.org/packages/df/d1/f5a275fdb252768b7a11ec63585bc38d0e87c9e05668a139fea92b80634c/PyYAML-6.0.2-cp312-cp312-win32.whl", hash = "sha256:ef6107725bd54b262d6dedcc2af448a266975032bc85ef0172c5f059da6325b4", size = 140591 },
    { url = "https://files.pythonhosted.org/packages/0c/e8/4f648c598b17c3d06e8753d7d13d57542b30d56e6c2dedf9c331ae56312e/PyYAML-6.0.2-cp312-cp312-win_amd64.whl", hash = "sha256:7e7401d0de89a9a855c839bc697c079a4af81cf878373abd7dc625847d25cbd8", size = 156338 },
    { url = "https://files.pythonhosted.org/packages/ef/e3/3af305b830494fa85d95f6d95ef7fa73f2ee1cc8ef5b495c7c3269fb835f/PyYAML-6.0.2-cp313-cp313-macosx_10_13_x86_64.whl", hash = "sha256:efdca5630322a10774e8e98e1af481aad470dd62c3170801852d752aa7a783ba", size = 181309 },
    { url = "https://files.pythonhosted.org/packages/45/9f/3b1c20a0b7a3200524eb0076cc027a970d320bd3a6592873c85c92a08731/PyYAML-6.0.2-cp313-cp313-macosx_11_0_arm64.whl", hash = "sha256:50187695423ffe49e2deacb8cd10510bc361faac997de9efef88badc3bb9e2d1", size = 171679 },
    { url = "https://files.pythonhosted.org/packages/7c/9a/337322f27005c33bcb656c655fa78325b730324c78620e8328ae28b64d0c/PyYAML-6.0.2-cp313-cp313-manylinux_2_17_aarch64.manylinux2014_aarch64.whl", hash = "sha256:0ffe8360bab4910ef1b9e87fb812d8bc0a308b0d0eef8c8f44e0254ab3b07133", size = 733428 },
    { url = "https://files.pythonhosted.org/packages/a3/69/864fbe19e6c18ea3cc196cbe5d392175b4cf3d5d0ac1403ec3f2d237ebb5/PyYAML-6.0.2-cp313-cp313-manylinux_2_17_s390x.manylinux2014_s390x.whl", hash = "sha256:17e311b6c678207928d649faa7cb0d7b4c26a0ba73d41e99c4fff6b6c3276484", size = 763361 },
    { url = "https://files.pythonhosted.org/packages/04/24/b7721e4845c2f162d26f50521b825fb061bc0a5afcf9a386840f23ea19fa/PyYAML-6.0.2-cp313-cp313-manylinux_2_17_x86_64.manylinux2014_x86_64.whl", hash = "sha256:70b189594dbe54f75ab3a1acec5f1e3faa7e8cf2f1e08d9b561cb41b845f69d5", size = 759523 },
    { url = "https://files.pythonhosted.org/packages/2b/b2/e3234f59ba06559c6ff63c4e10baea10e5e7df868092bf9ab40e5b9c56b6/PyYAML-6.0.2-cp313-cp313-musllinux_1_1_aarch64.whl", hash = "sha256:41e4e3953a79407c794916fa277a82531dd93aad34e29c2a514c2c0c5fe971cc", size = 726660 },
    { url = "https://files.pythonhosted.org/packages/fe/0f/25911a9f080464c59fab9027482f822b86bf0608957a5fcc6eaac85aa515/PyYAML-6.0.2-cp313-cp313-musllinux_1_1_x86_64.whl", hash = "sha256:68ccc6023a3400877818152ad9a1033e3db8625d899c72eacb5a668902e4d652", size = 751597 },
    { url = "https://files.pythonhosted.org/packages/14/0d/e2c3b43bbce3cf6bd97c840b46088a3031085179e596d4929729d8d68270/PyYAML-6.0.2-cp313-cp313-win32.whl", hash = "sha256:bc2fa7c6b47d6bc618dd7fb02ef6fdedb1090ec036abab80d4681424b84c1183", size = 140527 },
    { url = "https://files.pythonhosted.org/packages/fa/de/02b54f42487e3d3c6efb3f89428677074ca7bf43aae402517bc7cca949f3/PyYAML-6.0.2-cp313-cp313-win_amd64.whl", hash = "sha256:8388ee1976c416731879ac16da0aff3f63b286ffdd57cdeb95f3f2e085687563", size = 156446 },
]
